// !$*UTF8*$!
{
	archiveVersion = 1;
	classes = {
	};
	objectVersion = 56;
	objects = {

/* Begin PBXBuildFile section */
		8AE8EA3D29A5269200C66676 /* ButtonView.swift in Sources */ = {isa = PBXBuildFile; fileRef = 8AE8EA3C29A5269200C66676 /* ButtonView.swift */; };
		8AE8EA4029A5278100C66676 /* Appointment.swift in Sources */ = {isa = PBXBuildFile; fileRef = 8AE8EA3F29A5278100C66676 /* Appointment.swift */; };
		8AE8EA4229A5279200C66676 /* User.swift in Sources */ = {isa = PBXBuildFile; fileRef = 8AE8EA4129A5279200C66676 /* User.swift */; };
		8AE8EA4629A527D400C66676 /* AppointmentListFeature+Domain.swift in Sources */ = {isa = PBXBuildFile; fileRef = 8AE8EA4529A527D400C66676 /* AppointmentListFeature+Domain.swift */; };
		8AE8EA4829A527DD00C66676 /* AppointmentListFeature+Mocks.swift in Sources */ = {isa = PBXBuildFile; fileRef = 8AE8EA4729A527DD00C66676 /* AppointmentListFeature+Mocks.swift */; };
		8AE8EA4A29A5281E00C66676 /* APIClient.swift in Sources */ = {isa = PBXBuildFile; fileRef = 8AE8EA4929A5281E00C66676 /* APIClient.swift */; };
		8AE8EA4C29A52F6300C66676 /* AppointmentDetailFeature+Domain.swift in Sources */ = {isa = PBXBuildFile; fileRef = 8AE8EA4B29A52F6300C66676 /* AppointmentDetailFeature+Domain.swift */; };
		8AF4D58C299FE697003E6A09 /* AppointmentsApp.swift in Sources */ = {isa = PBXBuildFile; fileRef = 8AF4D58B299FE697003E6A09 /* AppointmentsApp.swift */; };
		8AF4D58E299FE697003E6A09 /* AppointmentListFeature+View.swift in Sources */ = {isa = PBXBuildFile; fileRef = 8AF4D58D299FE697003E6A09 /* AppointmentListFeature+View.swift */; };
		8AF4D590299FE698003E6A09 /* Assets.xcassets in Resources */ = {isa = PBXBuildFile; fileRef = 8AF4D58F299FE698003E6A09 /* Assets.xcassets */; };
		8AF4D593299FE698003E6A09 /* Preview Assets.xcassets in Resources */ = {isa = PBXBuildFile; fileRef = 8AF4D592299FE698003E6A09 /* Preview Assets.xcassets */; };
		8AF4D59D299FE698003E6A09 /* AppointmentsTests.swift in Sources */ = {isa = PBXBuildFile; fileRef = 8AF4D59C299FE698003E6A09 /* AppointmentsTests.swift */; };
		8AF4D5A7299FE698003E6A09 /* AppointmentsUITests.swift in Sources */ = {isa = PBXBuildFile; fileRef = 8AF4D5A6299FE698003E6A09 /* AppointmentsUITests.swift */; };
		8AF4D5A9299FE698003E6A09 /* AppointmentsUITestsLaunchTests.swift in Sources */ = {isa = PBXBuildFile; fileRef = 8AF4D5A8299FE698003E6A09 /* AppointmentsUITestsLaunchTests.swift */; };
		8AF4D5B7299FE71B003E6A09 /* ComposableArchitecture in Frameworks */ = {isa = PBXBuildFile; productRef = 8AF4D5B6299FE71B003E6A09 /* ComposableArchitecture */; };
		8AF4D5BB299FEC1F003E6A09 /* AppointmentDetailFeature+View.swift in Sources */ = {isa = PBXBuildFile; fileRef = 8AF4D5BA299FEC1F003E6A09 /* AppointmentDetailFeature+View.swift */; };
/* End PBXBuildFile section */

/* Begin PBXContainerItemProxy section */
		8AF4D599299FE698003E6A09 /* PBXContainerItemProxy */ = {
			isa = PBXContainerItemProxy;
			containerPortal = 8AF4D580299FE697003E6A09 /* Project object */;
			proxyType = 1;
			remoteGlobalIDString = 8AF4D587299FE697003E6A09;
			remoteInfo = Appointments;
		};
		8AF4D5A3299FE698003E6A09 /* PBXContainerItemProxy */ = {
			isa = PBXContainerItemProxy;
			containerPortal = 8AF4D580299FE697003E6A09 /* Project object */;
			proxyType = 1;
			remoteGlobalIDString = 8AF4D587299FE697003E6A09;
			remoteInfo = Appointments;
		};
/* End PBXContainerItemProxy section */

/* Begin PBXFileReference section */
		8AE8EA3C29A5269200C66676 /* ButtonView.swift */ = {isa = PBXFileReference; lastKnownFileType = sourcecode.swift; path = ButtonView.swift; sourceTree = "<group>"; };
		8AE8EA3F29A5278100C66676 /* Appointment.swift */ = {isa = PBXFileReference; lastKnownFileType = sourcecode.swift; path = Appointment.swift; sourceTree = "<group>"; };
		8AE8EA4129A5279200C66676 /* User.swift */ = {isa = PBXFileReference; lastKnownFileType = sourcecode.swift; path = User.swift; sourceTree = "<group>"; };
		8AE8EA4529A527D400C66676 /* AppointmentListFeature+Domain.swift */ = {isa = PBXFileReference; lastKnownFileType = sourcecode.swift; path = "AppointmentListFeature+Domain.swift"; sourceTree = "<group>"; };
		8AE8EA4729A527DD00C66676 /* AppointmentListFeature+Mocks.swift */ = {isa = PBXFileReference; lastKnownFileType = sourcecode.swift; path = "AppointmentListFeature+Mocks.swift"; sourceTree = "<group>"; };
		8AE8EA4929A5281E00C66676 /* APIClient.swift */ = {isa = PBXFileReference; lastKnownFileType = sourcecode.swift; path = APIClient.swift; sourceTree = "<group>"; };
		8AE8EA4B29A52F6300C66676 /* AppointmentDetailFeature+Domain.swift */ = {isa = PBXFileReference; lastKnownFileType = sourcecode.swift; path = "AppointmentDetailFeature+Domain.swift"; sourceTree = "<group>"; };
		8AF4D588299FE697003E6A09 /* Appointments.app */ = {isa = PBXFileReference; explicitFileType = wrapper.application; includeInIndex = 0; path = Appointments.app; sourceTree = BUILT_PRODUCTS_DIR; };
		8AF4D58B299FE697003E6A09 /* AppointmentsApp.swift */ = {isa = PBXFileReference; lastKnownFileType = sourcecode.swift; path = AppointmentsApp.swift; sourceTree = "<group>"; };
		8AF4D58D299FE697003E6A09 /* AppointmentListFeature+View.swift */ = {isa = PBXFileReference; lastKnownFileType = sourcecode.swift; path = "AppointmentListFeature+View.swift"; sourceTree = "<group>"; };
		8AF4D58F299FE698003E6A09 /* Assets.xcassets */ = {isa = PBXFileReference; lastKnownFileType = folder.assetcatalog; path = Assets.xcassets; sourceTree = "<group>"; };
		8AF4D592299FE698003E6A09 /* Preview Assets.xcassets */ = {isa = PBXFileReference; lastKnownFileType = folder.assetcatalog; path = "Preview Assets.xcassets"; sourceTree = "<group>"; };
		8AF4D598299FE698003E6A09 /* AppointmentsTests.xctest */ = {isa = PBXFileReference; explicitFileType = wrapper.cfbundle; includeInIndex = 0; path = AppointmentsTests.xctest; sourceTree = BUILT_PRODUCTS_DIR; };
		8AF4D59C299FE698003E6A09 /* AppointmentsTests.swift */ = {isa = PBXFileReference; lastKnownFileType = sourcecode.swift; path = AppointmentsTests.swift; sourceTree = "<group>"; };
		8AF4D5A2299FE698003E6A09 /* AppointmentsUITests.xctest */ = {isa = PBXFileReference; explicitFileType = wrapper.cfbundle; includeInIndex = 0; path = AppointmentsUITests.xctest; sourceTree = BUILT_PRODUCTS_DIR; };
		8AF4D5A6299FE698003E6A09 /* AppointmentsUITests.swift */ = {isa = PBXFileReference; lastKnownFileType = sourcecode.swift; path = AppointmentsUITests.swift; sourceTree = "<group>"; };
		8AF4D5A8299FE698003E6A09 /* AppointmentsUITestsLaunchTests.swift */ = {isa = PBXFileReference; lastKnownFileType = sourcecode.swift; path = AppointmentsUITestsLaunchTests.swift; sourceTree = "<group>"; };
		8AF4D5BA299FEC1F003E6A09 /* AppointmentDetailFeature+View.swift */ = {isa = PBXFileReference; lastKnownFileType = sourcecode.swift; path = "AppointmentDetailFeature+View.swift"; sourceTree = "<group>"; };
/* End PBXFileReference section */

/* Begin PBXFrameworksBuildPhase section */
		8AF4D585299FE697003E6A09 /* Frameworks */ = {
			isa = PBXFrameworksBuildPhase;
			buildActionMask = 2147483647;
			files = (
				8AF4D5B7299FE71B003E6A09 /* ComposableArchitecture in Frameworks */,
			);
			runOnlyForDeploymentPostprocessing = 0;
		};
		8AF4D595299FE698003E6A09 /* Frameworks */ = {
			isa = PBXFrameworksBuildPhase;
			buildActionMask = 2147483647;
			files = (
			);
			runOnlyForDeploymentPostprocessing = 0;
		};
		8AF4D59F299FE698003E6A09 /* Frameworks */ = {
			isa = PBXFrameworksBuildPhase;
			buildActionMask = 2147483647;
			files = (
			);
			runOnlyForDeploymentPostprocessing = 0;
		};
/* End PBXFrameworksBuildPhase section */

/* Begin PBXGroup section */
		8AE8EA3929A5243500C66676 /* AppointmentDetailFeature */ = {
			isa = PBXGroup;
			children = (
				8AE8EA3B29A5268500C66676 /* Components */,
				8AF4D5BA299FEC1F003E6A09 /* AppointmentDetailFeature+View.swift */,
				8AE8EA4B29A52F6300C66676 /* AppointmentDetailFeature+Domain.swift */,
			);
			path = AppointmentDetailFeature;
			sourceTree = "<group>";
		};
		8AE8EA3A29A5246C00C66676 /* Models */ = {
			isa = PBXGroup;
			children = (
				8AE8EA3F29A5278100C66676 /* Appointment.swift */,
				8AE8EA4129A5279200C66676 /* User.swift */,
			);
			path = Models;
			sourceTree = "<group>";
		};
		8AE8EA3B29A5268500C66676 /* Components */ = {
			isa = PBXGroup;
			children = (
				8AE8EA3C29A5269200C66676 /* ButtonView.swift */,
			);
			path = Components;
			sourceTree = "<group>";
		};
		8AE8EA3E29A5276E00C66676 /* APIClient */ = {
			isa = PBXGroup;
			children = (
				8AE8EA4929A5281E00C66676 /* APIClient.swift */,
			);
			path = APIClient;
			sourceTree = "<group>";
		};
		8AF4D57F299FE697003E6A09 = {
			isa = PBXGroup;
			children = (
				8AF4D58A299FE697003E6A09 /* Appointments */,
				8AF4D59B299FE698003E6A09 /* AppointmentsTests */,
				8AF4D5A5299FE698003E6A09 /* AppointmentsUITests */,
				8AF4D589299FE697003E6A09 /* Products */,
			);
			sourceTree = "<group>";
		};
		8AF4D589299FE697003E6A09 /* Products */ = {
			isa = PBXGroup;
			children = (
				8AF4D588299FE697003E6A09 /* Appointments.app */,
				8AF4D598299FE698003E6A09 /* AppointmentsTests.xctest */,
				8AF4D5A2299FE698003E6A09 /* AppointmentsUITests.xctest */,
			);
			name = Products;
			sourceTree = "<group>";
		};
		8AF4D58A299FE697003E6A09 /* Appointments */ = {
			isa = PBXGroup;
			children = (
				8AE8EA3E29A5276E00C66676 /* APIClient */,
				8AE8EA3A29A5246C00C66676 /* Models */,
				8AE8EA3929A5243500C66676 /* AppointmentDetailFeature */,
				8AF4D5B8299FE858003E6A09 /* AppointmentListsFeature */,
				8AF4D58B299FE697003E6A09 /* AppointmentsApp.swift */,
				8AF4D58F299FE698003E6A09 /* Assets.xcassets */,
				8AF4D591299FE698003E6A09 /* Preview Content */,
			);
			path = Appointments;
			sourceTree = "<group>";
		};
		8AF4D591299FE698003E6A09 /* Preview Content */ = {
			isa = PBXGroup;
			children = (
				8AF4D592299FE698003E6A09 /* Preview Assets.xcassets */,
			);
			path = "Preview Content";
			sourceTree = "<group>";
		};
		8AF4D59B299FE698003E6A09 /* AppointmentsTests */ = {
			isa = PBXGroup;
			children = (
				8AF4D59C299FE698003E6A09 /* AppointmentsTests.swift */,
			);
			path = AppointmentsTests;
			sourceTree = "<group>";
		};
		8AF4D5A5299FE698003E6A09 /* AppointmentsUITests */ = {
			isa = PBXGroup;
			children = (
				8AF4D5A6299FE698003E6A09 /* AppointmentsUITests.swift */,
				8AF4D5A8299FE698003E6A09 /* AppointmentsUITestsLaunchTests.swift */,
			);
			path = AppointmentsUITests;
			sourceTree = "<group>";
		};
		8AF4D5B8299FE858003E6A09 /* AppointmentListsFeature */ = {
			isa = PBXGroup;
			children = (
				8AF4D58D299FE697003E6A09 /* AppointmentListFeature+View.swift */,
				8AE8EA4529A527D400C66676 /* AppointmentListFeature+Domain.swift */,
				8AE8EA4729A527DD00C66676 /* AppointmentListFeature+Mocks.swift */,
			);
			path = AppointmentListsFeature;
			sourceTree = "<group>";
		};
/* End PBXGroup section */

/* Begin PBXNativeTarget section */
		8AF4D587299FE697003E6A09 /* Appointments */ = {
			isa = PBXNativeTarget;
			buildConfigurationList = 8AF4D5AC299FE698003E6A09 /* Build configuration list for PBXNativeTarget "Appointments" */;
			buildPhases = (
				8AF4D584299FE697003E6A09 /* Sources */,
				8AF4D585299FE697003E6A09 /* Frameworks */,
				8AF4D586299FE697003E6A09 /* Resources */,
			);
			buildRules = (
			);
			dependencies = (
			);
			name = Appointments;
			packageProductDependencies = (
				8AF4D5B6299FE71B003E6A09 /* ComposableArchitecture */,
			);
			productName = Appointments;
			productReference = 8AF4D588299FE697003E6A09 /* Appointments.app */;
			productType = "com.apple.product-type.application";
		};
		8AF4D597299FE698003E6A09 /* AppointmentsTests */ = {
			isa = PBXNativeTarget;
			buildConfigurationList = 8AF4D5AF299FE698003E6A09 /* Build configuration list for PBXNativeTarget "AppointmentsTests" */;
			buildPhases = (
				8AF4D594299FE698003E6A09 /* Sources */,
				8AF4D595299FE698003E6A09 /* Frameworks */,
				8AF4D596299FE698003E6A09 /* Resources */,
			);
			buildRules = (
			);
			dependencies = (
				8AF4D59A299FE698003E6A09 /* PBXTargetDependency */,
			);
			name = AppointmentsTests;
			productName = AppointmentsTests;
			productReference = 8AF4D598299FE698003E6A09 /* AppointmentsTests.xctest */;
			productType = "com.apple.product-type.bundle.unit-test";
		};
		8AF4D5A1299FE698003E6A09 /* AppointmentsUITests */ = {
			isa = PBXNativeTarget;
			buildConfigurationList = 8AF4D5B2299FE698003E6A09 /* Build configuration list for PBXNativeTarget "AppointmentsUITests" */;
			buildPhases = (
				8AF4D59E299FE698003E6A09 /* Sources */,
				8AF4D59F299FE698003E6A09 /* Frameworks */,
				8AF4D5A0299FE698003E6A09 /* Resources */,
			);
			buildRules = (
			);
			dependencies = (
				8AF4D5A4299FE698003E6A09 /* PBXTargetDependency */,
			);
			name = AppointmentsUITests;
			productName = AppointmentsUITests;
			productReference = 8AF4D5A2299FE698003E6A09 /* AppointmentsUITests.xctest */;
			productType = "com.apple.product-type.bundle.ui-testing";
		};
/* End PBXNativeTarget section */

/* Begin PBXProject section */
		8AF4D580299FE697003E6A09 /* Project object */ = {
			isa = PBXProject;
			attributes = {
				BuildIndependentTargetsInParallel = 1;
				LastSwiftUpdateCheck = 1420;
				LastUpgradeCheck = 1420;
				TargetAttributes = {
					8AF4D587299FE697003E6A09 = {
						CreatedOnToolsVersion = 14.2;
					};
					8AF4D597299FE698003E6A09 = {
						CreatedOnToolsVersion = 14.2;
						TestTargetID = 8AF4D587299FE697003E6A09;
					};
					8AF4D5A1299FE698003E6A09 = {
						CreatedOnToolsVersion = 14.2;
						TestTargetID = 8AF4D587299FE697003E6A09;
					};
				};
			};
			buildConfigurationList = 8AF4D583299FE697003E6A09 /* Build configuration list for PBXProject "Appointments" */;
			compatibilityVersion = "Xcode 14.0";
			developmentRegion = en;
			hasScannedForEncodings = 0;
			knownRegions = (
				en,
				Base,
			);
			mainGroup = 8AF4D57F299FE697003E6A09;
			packageReferences = (
				8AF4D5B5299FE71B003E6A09 /* XCRemoteSwiftPackageReference "swift-composable-architecture" */,
			);
			productRefGroup = 8AF4D589299FE697003E6A09 /* Products */;
			projectDirPath = "";
			projectRoot = "";
			targets = (
				8AF4D587299FE697003E6A09 /* Appointments */,
				8AF4D597299FE698003E6A09 /* AppointmentsTests */,
				8AF4D5A1299FE698003E6A09 /* AppointmentsUITests */,
			);
		};
/* End PBXProject section */

/* Begin PBXResourcesBuildPhase section */
		8AF4D586299FE697003E6A09 /* Resources */ = {
			isa = PBXResourcesBuildPhase;
			buildActionMask = 2147483647;
			files = (
				8AF4D593299FE698003E6A09 /* Preview Assets.xcassets in Resources */,
				8AF4D590299FE698003E6A09 /* Assets.xcassets in Resources */,
			);
			runOnlyForDeploymentPostprocessing = 0;
		};
		8AF4D596299FE698003E6A09 /* Resources */ = {
			isa = PBXResourcesBuildPhase;
			buildActionMask = 2147483647;
			files = (
			);
			runOnlyForDeploymentPostprocessing = 0;
		};
		8AF4D5A0299FE698003E6A09 /* Resources */ = {
			isa = PBXResourcesBuildPhase;
			buildActionMask = 2147483647;
			files = (
			);
			runOnlyForDeploymentPostprocessing = 0;
		};
/* End PBXResourcesBuildPhase section */

/* Begin PBXSourcesBuildPhase section */
		8AF4D584299FE697003E6A09 /* Sources */ = {
			isa = PBXSourcesBuildPhase;
			buildActionMask = 2147483647;
			files = (
				8AF4D58E299FE697003E6A09 /* AppointmentListFeature+View.swift in Sources */,
				8AF4D58C299FE697003E6A09 /* AppointmentsApp.swift in Sources */,
				8AE8EA4229A5279200C66676 /* User.swift in Sources */,
				8AE8EA3D29A5269200C66676 /* ButtonView.swift in Sources */,
				8AE8EA4829A527DD00C66676 /* AppointmentListFeature+Mocks.swift in Sources */,
				8AF4D5BB299FEC1F003E6A09 /* AppointmentDetailFeature+View.swift in Sources */,
				8AE8EA4029A5278100C66676 /* Appointment.swift in Sources */,
				8AE8EA4629A527D400C66676 /* AppointmentListFeature+Domain.swift in Sources */,
				8AE8EA4A29A5281E00C66676 /* APIClient.swift in Sources */,
				8AE8EA4C29A52F6300C66676 /* AppointmentDetailFeature+Domain.swift in Sources */,
			);
			runOnlyForDeploymentPostprocessing = 0;
		};
		8AF4D594299FE698003E6A09 /* Sources */ = {
			isa = PBXSourcesBuildPhase;
			buildActionMask = 2147483647;
			files = (
				8AF4D59D299FE698003E6A09 /* AppointmentsTests.swift in Sources */,
			);
			runOnlyForDeploymentPostprocessing = 0;
		};
		8AF4D59E299FE698003E6A09 /* Sources */ = {
			isa = PBXSourcesBuildPhase;
			buildActionMask = 2147483647;
			files = (
				8AF4D5A9299FE698003E6A09 /* AppointmentsUITestsLaunchTests.swift in Sources */,
				8AF4D5A7299FE698003E6A09 /* AppointmentsUITests.swift in Sources */,
			);
			runOnlyForDeploymentPostprocessing = 0;
		};
/* End PBXSourcesBuildPhase section */

/* Begin PBXTargetDependency section */
		8AF4D59A299FE698003E6A09 /* PBXTargetDependency */ = {
			isa = PBXTargetDependency;
			target = 8AF4D587299FE697003E6A09 /* Appointments */;
			targetProxy = 8AF4D599299FE698003E6A09 /* PBXContainerItemProxy */;
		};
		8AF4D5A4299FE698003E6A09 /* PBXTargetDependency */ = {
			isa = PBXTargetDependency;
			target = 8AF4D587299FE697003E6A09 /* Appointments */;
			targetProxy = 8AF4D5A3299FE698003E6A09 /* PBXContainerItemProxy */;
		};
/* End PBXTargetDependency section */

/* Begin XCBuildConfiguration section */
		8AF4D5AA299FE698003E6A09 /* Debug */ = {
			isa = XCBuildConfiguration;
			buildSettings = {
				ALWAYS_SEARCH_USER_PATHS = NO;
				CLANG_ANALYZER_NONNULL = YES;
				CLANG_ANALYZER_NUMBER_OBJECT_CONVERSION = YES_AGGRESSIVE;
				CLANG_CXX_LANGUAGE_STANDARD = "gnu++20";
				CLANG_ENABLE_MODULES = YES;
				CLANG_ENABLE_OBJC_ARC = YES;
				CLANG_ENABLE_OBJC_WEAK = YES;
				CLANG_WARN_BLOCK_CAPTURE_AUTORELEASING = YES;
				CLANG_WARN_BOOL_CONVERSION = YES;
				CLANG_WARN_COMMA = YES;
				CLANG_WARN_CONSTANT_CONVERSION = YES;
				CLANG_WARN_DEPRECATED_OBJC_IMPLEMENTATIONS = YES;
				CLANG_WARN_DIRECT_OBJC_ISA_USAGE = YES_ERROR;
				CLANG_WARN_DOCUMENTATION_COMMENTS = YES;
				CLANG_WARN_EMPTY_BODY = YES;
				CLANG_WARN_ENUM_CONVERSION = YES;
				CLANG_WARN_INFINITE_RECURSION = YES;
				CLANG_WARN_INT_CONVERSION = YES;
				CLANG_WARN_NON_LITERAL_NULL_CONVERSION = YES;
				CLANG_WARN_OBJC_IMPLICIT_RETAIN_SELF = YES;
				CLANG_WARN_OBJC_LITERAL_CONVERSION = YES;
				CLANG_WARN_OBJC_ROOT_CLASS = YES_ERROR;
				CLANG_WARN_QUOTED_INCLUDE_IN_FRAMEWORK_HEADER = YES;
				CLANG_WARN_RANGE_LOOP_ANALYSIS = YES;
				CLANG_WARN_STRICT_PROTOTYPES = YES;
				CLANG_WARN_SUSPICIOUS_MOVE = YES;
				CLANG_WARN_UNGUARDED_AVAILABILITY = YES_AGGRESSIVE;
				CLANG_WARN_UNREACHABLE_CODE = YES;
				CLANG_WARN__DUPLICATE_METHOD_MATCH = YES;
				COPY_PHASE_STRIP = NO;
				DEBUG_INFORMATION_FORMAT = dwarf;
				ENABLE_STRICT_OBJC_MSGSEND = YES;
				ENABLE_TESTABILITY = YES;
				GCC_C_LANGUAGE_STANDARD = gnu11;
				GCC_DYNAMIC_NO_PIC = NO;
				GCC_NO_COMMON_BLOCKS = YES;
				GCC_OPTIMIZATION_LEVEL = 0;
				GCC_PREPROCESSOR_DEFINITIONS = (
					"DEBUG=1",
					"$(inherited)",
				);
				GCC_WARN_64_TO_32_BIT_CONVERSION = YES;
				GCC_WARN_ABOUT_RETURN_TYPE = YES_ERROR;
				GCC_WARN_UNDECLARED_SELECTOR = YES;
				GCC_WARN_UNINITIALIZED_AUTOS = YES_AGGRESSIVE;
				GCC_WARN_UNUSED_FUNCTION = YES;
				GCC_WARN_UNUSED_VARIABLE = YES;
				IPHONEOS_DEPLOYMENT_TARGET = 16.2;
				MTL_ENABLE_DEBUG_INFO = INCLUDE_SOURCE;
				MTL_FAST_MATH = YES;
				ONLY_ACTIVE_ARCH = YES;
				SDKROOT = iphoneos;
				SWIFT_ACTIVE_COMPILATION_CONDITIONS = DEBUG;
				SWIFT_OPTIMIZATION_LEVEL = "-Onone";
			};
			name = Debug;
		};
		8AF4D5AB299FE698003E6A09 /* Release */ = {
			isa = XCBuildConfiguration;
			buildSettings = {
				ALWAYS_SEARCH_USER_PATHS = NO;
				CLANG_ANALYZER_NONNULL = YES;
				CLANG_ANALYZER_NUMBER_OBJECT_CONVERSION = YES_AGGRESSIVE;
				CLANG_CXX_LANGUAGE_STANDARD = "gnu++20";
				CLANG_ENABLE_MODULES = YES;
				CLANG_ENABLE_OBJC_ARC = YES;
				CLANG_ENABLE_OBJC_WEAK = YES;
				CLANG_WARN_BLOCK_CAPTURE_AUTORELEASING = YES;
				CLANG_WARN_BOOL_CONVERSION = YES;
				CLANG_WARN_COMMA = YES;
				CLANG_WARN_CONSTANT_CONVERSION = YES;
				CLANG_WARN_DEPRECATED_OBJC_IMPLEMENTATIONS = YES;
				CLANG_WARN_DIRECT_OBJC_ISA_USAGE = YES_ERROR;
				CLANG_WARN_DOCUMENTATION_COMMENTS = YES;
				CLANG_WARN_EMPTY_BODY = YES;
				CLANG_WARN_ENUM_CONVERSION = YES;
				CLANG_WARN_INFINITE_RECURSION = YES;
				CLANG_WARN_INT_CONVERSION = YES;
				CLANG_WARN_NON_LITERAL_NULL_CONVERSION = YES;
				CLANG_WARN_OBJC_IMPLICIT_RETAIN_SELF = YES;
				CLANG_WARN_OBJC_LITERAL_CONVERSION = YES;
				CLANG_WARN_OBJC_ROOT_CLASS = YES_ERROR;
				CLANG_WARN_QUOTED_INCLUDE_IN_FRAMEWORK_HEADER = YES;
				CLANG_WARN_RANGE_LOOP_ANALYSIS = YES;
				CLANG_WARN_STRICT_PROTOTYPES = YES;
				CLANG_WARN_SUSPICIOUS_MOVE = YES;
				CLANG_WARN_UNGUARDED_AVAILABILITY = YES_AGGRESSIVE;
				CLANG_WARN_UNREACHABLE_CODE = YES;
				CLANG_WARN__DUPLICATE_METHOD_MATCH = YES;
				COPY_PHASE_STRIP = NO;
				DEBUG_INFORMATION_FORMAT = "dwarf-with-dsym";
				ENABLE_NS_ASSERTIONS = NO;
				ENABLE_STRICT_OBJC_MSGSEND = YES;
				GCC_C_LANGUAGE_STANDARD = gnu11;
				GCC_NO_COMMON_BLOCKS = YES;
				GCC_WARN_64_TO_32_BIT_CONVERSION = YES;
				GCC_WARN_ABOUT_RETURN_TYPE = YES_ERROR;
				GCC_WARN_UNDECLARED_SELECTOR = YES;
				GCC_WARN_UNINITIALIZED_AUTOS = YES_AGGRESSIVE;
				GCC_WARN_UNUSED_FUNCTION = YES;
				GCC_WARN_UNUSED_VARIABLE = YES;
				IPHONEOS_DEPLOYMENT_TARGET = 16.2;
				MTL_ENABLE_DEBUG_INFO = NO;
				MTL_FAST_MATH = YES;
				SDKROOT = iphoneos;
				SWIFT_COMPILATION_MODE = wholemodule;
				SWIFT_OPTIMIZATION_LEVEL = "-O";
				VALIDATE_PRODUCT = YES;
			};
			name = Release;
		};
		8AF4D5AD299FE698003E6A09 /* Debug */ = {
			isa = XCBuildConfiguration;
			buildSettings = {
				ASSETCATALOG_COMPILER_APPICON_NAME = AppIcon;
				ASSETCATALOG_COMPILER_GLOBAL_ACCENT_COLOR_NAME = AccentColor;
				CODE_SIGN_STYLE = Automatic;
				CURRENT_PROJECT_VERSION = 1;
				DEVELOPMENT_ASSET_PATHS = "\"Appointments/Preview Content\"";
				ENABLE_PREVIEWS = YES;
				GENERATE_INFOPLIST_FILE = YES;
				INFOPLIST_KEY_UIApplicationSceneManifest_Generation = YES;
				INFOPLIST_KEY_UIApplicationSupportsIndirectInputEvents = YES;
				INFOPLIST_KEY_UILaunchScreen_Generation = YES;
				INFOPLIST_KEY_UISupportedInterfaceOrientations_iPad = "UIInterfaceOrientationPortrait UIInterfaceOrientationPortraitUpsideDown UIInterfaceOrientationLandscapeLeft UIInterfaceOrientationLandscapeRight";
				INFOPLIST_KEY_UISupportedInterfaceOrientations_iPhone = "UIInterfaceOrientationPortrait UIInterfaceOrientationLandscapeLeft UIInterfaceOrientationLandscapeRight";
				LD_RUNPATH_SEARCH_PATHS = (
					"$(inherited)",
					"@executable_path/Frameworks",
				);
				MARKETING_VERSION = 1.0;
				PRODUCT_BUNDLE_IDENTIFIER = peteralt.Appointments;
				PRODUCT_NAME = "$(TARGET_NAME)";
				SWIFT_EMIT_LOC_STRINGS = YES;
				SWIFT_VERSION = 5.0;
				TARGETED_DEVICE_FAMILY = "1,2";
			};
			name = Debug;
		};
		8AF4D5AE299FE698003E6A09 /* Release */ = {
			isa = XCBuildConfiguration;
			buildSettings = {
				ASSETCATALOG_COMPILER_APPICON_NAME = AppIcon;
				ASSETCATALOG_COMPILER_GLOBAL_ACCENT_COLOR_NAME = AccentColor;
				CODE_SIGN_STYLE = Automatic;
				CURRENT_PROJECT_VERSION = 1;
				DEVELOPMENT_ASSET_PATHS = "\"Appointments/Preview Content\"";
				ENABLE_PREVIEWS = YES;
				GENERATE_INFOPLIST_FILE = YES;
				INFOPLIST_KEY_UIApplicationSceneManifest_Generation = YES;
				INFOPLIST_KEY_UIApplicationSupportsIndirectInputEvents = YES;
				INFOPLIST_KEY_UILaunchScreen_Generation = YES;
				INFOPLIST_KEY_UISupportedInterfaceOrientations_iPad = "UIInterfaceOrientationPortrait UIInterfaceOrientationPortraitUpsideDown UIInterfaceOrientationLandscapeLeft UIInterfaceOrientationLandscapeRight";
				INFOPLIST_KEY_UISupportedInterfaceOrientations_iPhone = "UIInterfaceOrientationPortrait UIInterfaceOrientationLandscapeLeft UIInterfaceOrientationLandscapeRight";
				LD_RUNPATH_SEARCH_PATHS = (
					"$(inherited)",
					"@executable_path/Frameworks",
				);
				MARKETING_VERSION = 1.0;
				PRODUCT_BUNDLE_IDENTIFIER = peteralt.Appointments;
				PRODUCT_NAME = "$(TARGET_NAME)";
				SWIFT_EMIT_LOC_STRINGS = YES;
				SWIFT_VERSION = 5.0;
				TARGETED_DEVICE_FAMILY = "1,2";
			};
			name = Release;
		};
		8AF4D5B0299FE698003E6A09 /* Debug */ = {
			isa = XCBuildConfiguration;
			buildSettings = {
				ALWAYS_EMBED_SWIFT_STANDARD_LIBRARIES = YES;
				BUNDLE_LOADER = "$(TEST_HOST)";
				CODE_SIGN_STYLE = Automatic;
				CURRENT_PROJECT_VERSION = 1;
				GENERATE_INFOPLIST_FILE = YES;
				IPHONEOS_DEPLOYMENT_TARGET = 16.2;
				MARKETING_VERSION = 1.0;
				PRODUCT_BUNDLE_IDENTIFIER = peteralt.AppointmentsTests;
				PRODUCT_NAME = "$(TARGET_NAME)";
				SWIFT_EMIT_LOC_STRINGS = NO;
				SWIFT_VERSION = 5.0;
				TARGETED_DEVICE_FAMILY = "1,2";
				TEST_HOST = "$(BUILT_PRODUCTS_DIR)/Appointments.app/$(BUNDLE_EXECUTABLE_FOLDER_PATH)/Appointments";
			};
			name = Debug;
		};
		8AF4D5B1299FE698003E6A09 /* Release */ = {
			isa = XCBuildConfiguration;
			buildSettings = {
				ALWAYS_EMBED_SWIFT_STANDARD_LIBRARIES = YES;
				BUNDLE_LOADER = "$(TEST_HOST)";
				CODE_SIGN_STYLE = Automatic;
				CURRENT_PROJECT_VERSION = 1;
				GENERATE_INFOPLIST_FILE = YES;
				IPHONEOS_DEPLOYMENT_TARGET = 16.2;
				MARKETING_VERSION = 1.0;
				PRODUCT_BUNDLE_IDENTIFIER = peteralt.AppointmentsTests;
				PRODUCT_NAME = "$(TARGET_NAME)";
				SWIFT_EMIT_LOC_STRINGS = NO;
				SWIFT_VERSION = 5.0;
				TARGETED_DEVICE_FAMILY = "1,2";
				TEST_HOST = "$(BUILT_PRODUCTS_DIR)/Appointments.app/$(BUNDLE_EXECUTABLE_FOLDER_PATH)/Appointments";
			};
			name = Release;
		};
		8AF4D5B3299FE698003E6A09 /* Debug */ = {
			isa = XCBuildConfiguration;
			buildSettings = {
				ALWAYS_EMBED_SWIFT_STANDARD_LIBRARIES = YES;
				CODE_SIGN_STYLE = Automatic;
				CURRENT_PROJECT_VERSION = 1;
				GENERATE_INFOPLIST_FILE = YES;
				MARKETING_VERSION = 1.0;
				PRODUCT_BUNDLE_IDENTIFIER = peteralt.AppointmentsUITests;
				PRODUCT_NAME = "$(TARGET_NAME)";
				SWIFT_EMIT_LOC_STRINGS = NO;
				SWIFT_VERSION = 5.0;
				TARGETED_DEVICE_FAMILY = "1,2";
				TEST_TARGET_NAME = Appointments;
			};
			name = Debug;
		};
		8AF4D5B4299FE698003E6A09 /* Release */ = {
			isa = XCBuildConfiguration;
			buildSettings = {
				ALWAYS_EMBED_SWIFT_STANDARD_LIBRARIES = YES;
				CODE_SIGN_STYLE = Automatic;
				CURRENT_PROJECT_VERSION = 1;
				GENERATE_INFOPLIST_FILE = YES;
				MARKETING_VERSION = 1.0;
				PRODUCT_BUNDLE_IDENTIFIER = peteralt.AppointmentsUITests;
				PRODUCT_NAME = "$(TARGET_NAME)";
				SWIFT_EMIT_LOC_STRINGS = NO;
				SWIFT_VERSION = 5.0;
				TARGETED_DEVICE_FAMILY = "1,2";
				TEST_TARGET_NAME = Appointments;
			};
			name = Release;
		};
/* End XCBuildConfiguration section */

/* Begin XCConfigurationList section */
		8AF4D583299FE697003E6A09 /* Build configuration list for PBXProject "Appointments" */ = {
			isa = XCConfigurationList;
			buildConfigurations = (
				8AF4D5AA299FE698003E6A09 /* Debug */,
				8AF4D5AB299FE698003E6A09 /* Release */,
			);
			defaultConfigurationIsVisible = 0;
			defaultConfigurationName = Release;
		};
		8AF4D5AC299FE698003E6A09 /* Build configuration list for PBXNativeTarget "Appointments" */ = {
			isa = XCConfigurationList;
			buildConfigurations = (
				8AF4D5AD299FE698003E6A09 /* Debug */,
				8AF4D5AE299FE698003E6A09 /* Release */,
			);
			defaultConfigurationIsVisible = 0;
			defaultConfigurationName = Release;
		};
		8AF4D5AF299FE698003E6A09 /* Build configuration list for PBXNativeTarget "AppointmentsTests" */ = {
			isa = XCConfigurationList;
			buildConfigurations = (
				8AF4D5B0299FE698003E6A09 /* Debug */,
				8AF4D5B1299FE698003E6A09 /* Release */,
			);
			defaultConfigurationIsVisible = 0;
			defaultConfigurationName = Release;
		};
		8AF4D5B2299FE698003E6A09 /* Build configuration list for PBXNativeTarget "AppointmentsUITests" */ = {
			isa = XCConfigurationList;
			buildConfigurations = (
				8AF4D5B3299FE698003E6A09 /* Debug */,
				8AF4D5B4299FE698003E6A09 /* Release */,
			);
			defaultConfigurationIsVisible = 0;
			defaultConfigurationName = Release;
		};
/* End XCConfigurationList section */

/* Begin XCRemoteSwiftPackageReference section */
		8AF4D5B5299FE71B003E6A09 /* XCRemoteSwiftPackageReference "swift-composable-architecture" */ = {
			isa = XCRemoteSwiftPackageReference;
			repositoryURL = "https://github.com/pointfreeco/swift-composable-architecture.git";
			requirement = {
				kind = upToNextMajorVersion;
				minimumVersion = 0.9.0;
			};
		};
/* End XCRemoteSwiftPackageReference section */

/* Begin XCSwiftPackageProductDependency section */
		8AF4D5B6299FE71B003E6A09 /* ComposableArchitecture */ = {
			isa = XCSwiftPackageProductDependency;
			package = 8AF4D5B5299FE71B003E6A09 /* XCRemoteSwiftPackageReference "swift-composable-architecture" */;
			productName = ComposableArchitecture;
		};
/* End XCSwiftPackageProductDependency section */
	};
	rootObject = 8AF4D580299FE697003E6A09 /* Project object */;
}
